
Microsoft Visual Studio Solution File, Format Version 12.00
# Visual Studio Version 17
VisualStudioVersion = 17.2.32616.157
MinimumVisualStudioVersion = 10.0.40219.1
Project("{FAE04EC0-301F-11D3-BF4B-00C04F79EFBC}") = "FizzBuzzKata", "FizzBuzz\FizzBuzzKata.csproj", "{2A5338FE-AF56-4099-9F4F-D0047CAAB7EC}"
EndProject
Project("{FAE04EC0-301F-11D3-BF4B-00C04F79EFBC}") = "FizzBuzzKata.Specs", "FizzBuzz.Specs\FizzBuzzKata.Specs.csproj", "{6E40403A-8037-4F54-8AB4-48B8B8593D2F}"
EndProject
Project("{FAE04EC0-301F-11D3-BF4B-00C04F79EFBC}") = "FizzBuzzKata.Console", "FizzBuzz.Console\FizzBuzzKata.Console.csproj", "{2F4401EB-D8B7-481F-B8AF-4D65E2FC4118}"
EndProject
Global
	GlobalSection(SolutionConfigurationPlatforms) = preSolution
		Debug|Any CPU = Debug|Any CPU
		Release|Any CPU = Release|Any CPU
	EndGlobalSection
	GlobalSection(ProjectConfigurationPlatforms) = postSolution
		{2A5338FE-AF56-4099-9F4F-D0047CAAB7EC}.Debug|Any CPU.ActiveCfg = Debug|Any CPU
		{2A5338FE-AF56-4099-9F4F-D0047CAAB7EC}.Debug|Any CPU.Build.0 = Debug|Any CPU
		{2A5338FE-AF56-4099-9F4F-D0047CAAB7EC}.Release|Any CPU.ActiveCfg = Release|Any CPU
		{2A5338FE-AF56-4099-9F4F-D0047CAAB7EC}.Release|Any CPU.Build.0 = Release|Any CPU
		{6E40403A-8037-4F54-8AB4-48B8B8593D2F}.Debug|Any CPU.ActiveCfg = Debug|Any CPU
		{6E40403A-8037-4F54-8AB4-48B8B8593D2F}.Debug|Any CPU.Build.0 = Debug|Any CPU
		{6E40403A-8037-4F54-8AB4-48B8B8593D2F}.Release|Any CPU.ActiveCfg = Release|Any CPU
		{6E40403A-8037-4F54-8AB4-48B8B8593D2F}.Release|Any CPU.Build.0 = Release|Any CPU
		{2F4401EB-D8B7-481F-B8AF-4D65E2FC4118}.Debug|Any CPU.ActiveCfg = Debug|Any CPU
		{2F4401EB-D8B7-481F-B8AF-4D65E2FC4118}.Debug|Any CPU.Build.0 = Debug|Any CPU
		{2F4401EB-D8B7-481F-B8AF-4D65E2FC4118}.Release|Any CPU.ActiveCfg = Release|Any CPU
		{2F4401EB-D8B7-481F-B8AF-4D65E2FC4118}.Release|Any CPU.Build.0 = Release|Any CPU
	EndGlobalSection
	GlobalSection(SolutionProperties) = preSolution
		HideSolutionNode = FALSE
	EndGlobalSection
	GlobalSection(ExtensibilityGlobals) = postSolution
		SolutionGuid = {D2FB3D65-BE46-4FBC-8E3C-C87C4421DDF2}
	EndGlobalSection
EndGlobal
